
Microsoft Visual Studio Solution File, Format Version 12.00
# Visual Studio Version 17
VisualStudioVersion = 17.14.36414.22 d17.14
MinimumVisualStudioVersion = 10.0.40219.1
Project("{FAE04EC0-301F-11D3-BF4B-00C04F79EFBC}") = "Pr04_17", "Pr04_17\Pr04_17.csproj", "{3CF6C9AD-F2CB-4A30-8BAD-F7FA558FA81D}"
EndProject
Global
	GlobalSection(SolutionConfigurationPlatforms) = preSolution
		Debug|Any CPU = Debug|Any CPU
		Release|Any CPU = Release|Any CPU
	EndGlobalSection
	GlobalSection(ProjectConfigurationPlatforms) = postSolution
		{3CF6C9AD-F2CB-4A30-8BAD-F7FA558FA81D}.Debug|Any CPU.ActiveCfg = Debug|Any CPU
		{3CF6C9AD-F2CB-4A30-8BAD-F7FA558FA81D}.Debug|Any CPU.Build.0 = Debug|Any CPU
		{3CF6C9AD-F2CB-4A30-8BAD-F7FA558FA81D}.Release|Any CPU.ActiveCfg = Release|Any CPU
		{3CF6C9AD-F2CB-4A30-8BAD-F7FA558FA81D}.Release|Any CPU.Build.0 = Release|Any CPU
	EndGlobalSection
	GlobalSection(SolutionProperties) = preSolution
		HideSolutionNode = FALSE
	EndGlobalSection
	GlobalSection(ExtensibilityGlobals) = postSolution
		SolutionGuid = {6961CC33-AD41-4FC5-AAB1-72DED01D9ACA}
	EndGlobalSection
EndGlobal
