
Microsoft Visual Studio Solution File, Format Version 12.00
# Visual Studio Version 17
VisualStudioVersion = 17.14.36414.22 d17.14
MinimumVisualStudioVersion = 10.0.40219.1
Project("{FAE04EC0-301F-11D3-BF4B-00C04F79EFBC}") = "Pr06_17", "Pr06_17\Pr06_17.csproj", "{20550294-E63C-46A9-8564-2F46F7F7A6F2}"
EndProject
Global
	GlobalSection(SolutionConfigurationPlatforms) = preSolution
		Debug|Any CPU = Debug|Any CPU
		Release|Any CPU = Release|Any CPU
	EndGlobalSection
	GlobalSection(ProjectConfigurationPlatforms) = postSolution
		{20550294-E63C-46A9-8564-2F46F7F7A6F2}.Debug|Any CPU.ActiveCfg = Debug|Any CPU
		{20550294-E63C-46A9-8564-2F46F7F7A6F2}.Debug|Any CPU.Build.0 = Debug|Any CPU
		{20550294-E63C-46A9-8564-2F46F7F7A6F2}.Release|Any CPU.ActiveCfg = Release|Any CPU
		{20550294-E63C-46A9-8564-2F46F7F7A6F2}.Release|Any CPU.Build.0 = Release|Any CPU
	EndGlobalSection
	GlobalSection(SolutionProperties) = preSolution
		HideSolutionNode = FALSE
	EndGlobalSection
	GlobalSection(ExtensibilityGlobals) = postSolution
		SolutionGuid = {557A7D7A-47EF-491D-9043-642A1E52BEB7}
	EndGlobalSection
EndGlobal
