
Microsoft Visual Studio Solution File, Format Version 12.00
# Visual Studio Version 17
VisualStudioVersion = 17.14.36414.22 d17.14
MinimumVisualStudioVersion = 10.0.40219.1
Project("{FAE04EC0-301F-11D3-BF4B-00C04F79EFBC}") = "Pr11_01", "Pr11_01\Pr11_01.csproj", "{E2421C39-A57A-4BB1-82AF-05A165ED1BCC}"
EndProject
Global
	GlobalSection(SolutionConfigurationPlatforms) = preSolution
		Debug|Any CPU = Debug|Any CPU
		Release|Any CPU = Release|Any CPU
	EndGlobalSection
	GlobalSection(ProjectConfigurationPlatforms) = postSolution
		{E2421C39-A57A-4BB1-82AF-05A165ED1BCC}.Debug|Any CPU.ActiveCfg = Debug|Any CPU
		{E2421C39-A57A-4BB1-82AF-05A165ED1BCC}.Debug|Any CPU.Build.0 = Debug|Any CPU
		{E2421C39-A57A-4BB1-82AF-05A165ED1BCC}.Release|Any CPU.ActiveCfg = Release|Any CPU
		{E2421C39-A57A-4BB1-82AF-05A165ED1BCC}.Release|Any CPU.Build.0 = Release|Any CPU
	EndGlobalSection
	GlobalSection(SolutionProperties) = preSolution
		HideSolutionNode = FALSE
	EndGlobalSection
	GlobalSection(ExtensibilityGlobals) = postSolution
		SolutionGuid = {C229DB4A-936B-4078-8C68-E2F83CFBCAFE}
	EndGlobalSection
EndGlobal
